
Microsoft Visual Studio Solution File, Format Version 12.00
# Visual Studio Version 16
VisualStudioVersion = 16.0.32602.291
MinimumVisualStudioVersion = 10.0.40219.1
Project("{FAE04EC0-301F-11D3-BF4B-00C04F79EFBC}") = "Pujario", "Pujario\Pujario.csproj", "{3BC6E724-8176-484C-B6AB-4244FE7B6414}"
EndProject
Global
	GlobalSection(SolutionConfigurationPlatforms) = preSolution
		Debug|Any CPU = Debug|Any CPU
		Release|Any CPU = Release|Any CPU
	EndGlobalSection
	GlobalSection(ProjectConfigurationPlatforms) = postSolution
		{3BC6E724-8176-484C-B6AB-4244FE7B6414}.Debug|Any CPU.ActiveCfg = Debug|Any CPU
		{3BC6E724-8176-484C-B6AB-4244FE7B6414}.Debug|Any CPU.Build.0 = Debug|Any CPU
		{3BC6E724-8176-484C-B6AB-4244FE7B6414}.Release|Any CPU.ActiveCfg = Release|Any CPU
		{3BC6E724-8176-484C-B6AB-4244FE7B6414}.Release|Any CPU.Build.0 = Release|Any CPU
	EndGlobalSection
	GlobalSection(SolutionProperties) = preSolution
		HideSolutionNode = FALSE
	EndGlobalSection
	GlobalSection(ExtensibilityGlobals) = postSolution
		SolutionGuid = {7A2A9340-D302-4C4F-A389-9C7ED9A7EDCC}
	EndGlobalSection
EndGlobal
